
Microsoft Visual Studio Solution File, Format Version 12.00
# Visual Studio Version 17
VisualStudioVersion = 17.8.34330.188
MinimumVisualStudioVersion = 10.0.40219.1
Project("{FAE04EC0-301F-11D3-BF4B-00C04F79EFBC}") = "LukaIvanic", "LukaIvanic\LukaIvanic.csproj", "{102DE9FD-1A23-4E35-9EFE-8C7ED576153E}"
EndProject
Global
	GlobalSection(SolutionConfigurationPlatforms) = preSolution
		Debug|Any CPU = Debug|Any CPU
		Release|Any CPU = Release|Any CPU
	EndGlobalSection
	GlobalSection(ProjectConfigurationPlatforms) = postSolution
		{102DE9FD-1A23-4E35-9EFE-8C7ED576153E}.Debug|Any CPU.ActiveCfg = Debug|Any CPU
		{102DE9FD-1A23-4E35-9EFE-8C7ED576153E}.Debug|Any CPU.Build.0 = Debug|Any CPU
		{102DE9FD-1A23-4E35-9EFE-8C7ED576153E}.Release|Any CPU.ActiveCfg = Release|Any CPU
		{102DE9FD-1A23-4E35-9EFE-8C7ED576153E}.Release|Any CPU.Build.0 = Release|Any CPU
	EndGlobalSection
	GlobalSection(SolutionProperties) = preSolution
		HideSolutionNode = FALSE
	EndGlobalSection
	GlobalSection(ExtensibilityGlobals) = postSolution
		SolutionGuid = {217F2721-8489-4852-A35D-32682FF787F5}
	EndGlobalSection
EndGlobal
